
Microsoft Visual Studio Solution File, Format Version 12.00
# Visual Studio Version 16
VisualStudioVersion = 16.0.30011.22
MinimumVisualStudioVersion = 10.0.40219.1
Project("{FAE04EC0-301F-11D3-BF4B-00C04F79EFBC}") = "Mike12IS_3z", "Mike12IS_3z\Mike12IS_3z.csproj", "{E47F033C-8D53-4396-9145-B5E16902B45B}"
EndProject
Global
	GlobalSection(SolutionConfigurationPlatforms) = preSolution
		Debug|Any CPU = Debug|Any CPU
		Release|Any CPU = Release|Any CPU
	EndGlobalSection
	GlobalSection(ProjectConfigurationPlatforms) = postSolution
		{E47F033C-8D53-4396-9145-B5E16902B45B}.Debug|Any CPU.ActiveCfg = Debug|Any CPU
		{E47F033C-8D53-4396-9145-B5E16902B45B}.Debug|Any CPU.Build.0 = Debug|Any CPU
		{E47F033C-8D53-4396-9145-B5E16902B45B}.Release|Any CPU.ActiveCfg = Release|Any CPU
		{E47F033C-8D53-4396-9145-B5E16902B45B}.Release|Any CPU.Build.0 = Release|Any CPU
	EndGlobalSection
	GlobalSection(SolutionProperties) = preSolution
		HideSolutionNode = FALSE
	EndGlobalSection
	GlobalSection(ExtensibilityGlobals) = postSolution
		SolutionGuid = {CCA6CF3D-4841-4216-914E-2771A340C665}
	EndGlobalSection
EndGlobal
